<?xml version="1.0" encoding="utf-8"?>
<Project ToolsVersion="4.0" xmlns="http://schemas.microsoft.com/developer/msbuild/2003">
  <ItemGroup>
    <Filter Include="Source Files">
      <UniqueIdentifier>{4FC737F1-C7A5-4376-A066-2A32D752A2FF}</UniqueIdentifier>
      <Extensions>cpp;c;cc;cxx;def;odl;idl;hpj;bat;asm;asmx</Extensions>
    </Filter>
    <Filter Include="Header Files">
      <UniqueIdentifier>{93995380-89BD-4b04-88EB-625FBE52EBFB}</UniqueIdentifier>
      <Extensions>h;hh;hpp;hxx;hm;inl;inc;xsd</Extensions>
    </Filter>
    <Filter Include="Resource Files">
      <UniqueIdentifier>{67DA6AB6-F800-4c08-8B7A-83BB121AAD01}</UniqueIdentifier>
      <Extensions>rc;ico;cur;bmp;dlg;rc2;rct;bin;rgs;gif;jpg;jpeg;jpe;resx;tiff;tif;png;wav;mfcribbon-ms</Extensions>
    </Filter>
    <Filter Include="Header Files\LayerModel">
      <UniqueIdentifier>{ce08a3b4-5844-4bd0-b367-29192fb7d6f8}</UniqueIdentifier>
    </Filter>
    <Filter Include="Header Files\LayerModel\HelpersStructs">
      <UniqueIdentifier>{a076c58b-45ec-43fc-866c-c91a8bca1cb5}</UniqueIdentifier>
    </Filter>
    <Filter Include="Header Files\ShapeModel">
      <UniqueIdentifier>{00ba53a9-1fad-444f-ba64-b24f78433e6b}</UniqueIdentifier>
    </Filter>
    <Filter Include="Header Files\View">
      <UniqueIdentifier>{7fe4f419-e354-418c-8952-dd7d42645ba4}</UniqueIdentifier>
    </Filter>
  </ItemGroup>
  <ItemGroup>
    <Text Include="ReadMe.txt" />
  </ItemGroup>
  <ItemGroup>
    <ClInclude Include="stdafx.h">
      <Filter>Header Files</Filter>
    </ClInclude>
    <ClInclude Include="targetver.h">
      <Filter>Header Files</Filter>
    </ClInclude>
    <ClInclude Include="Rectangle.h">
      <Filter>Header Files\LayerModel</Filter>
    </ClInclude>
    <ClInclude Include="color.h">
      <Filter>Header Files\LayerModel\HelpersStructs</Filter>
    </ClInclude>
    <ClInclude Include="Coords.h">
      <Filter>Header Files\LayerModel\HelpersStructs</Filter>
    </ClInclude>
    <ClInclude Include="Signal.h">
      <Filter>Header Files\LayerModel\HelpersStructs</Filter>
    </ClInclude>
    <ClInclude Include="ActionButton.h">
      <Filter>Header Files\LayerModel</Filter>
    </ClInclude>
    <ClInclude Include="ButtonInterface.h">
      <Filter>Header Files\LayerModel</Filter>
    </ClInclude>
    <ClInclude Include="Toolbar.h">
      <Filter>Header Files\LayerModel</Filter>
    </ClInclude>
    <ClInclude Include="ShapeInterface.h">
      <Filter>Header Files\ShapeModel</Filter>
    </ClInclude>
    <ClInclude Include="AbstractShape.h">
      <Filter>Header Files\ShapeModel</Filter>
    </ClInclude>
    <ClInclude Include="EventListenerInterface.h">
      <Filter>Header Files\LayerModel</Filter>
    </ClInclude>
    <ClInclude Include="Canvas.h">
      <Filter>Header Files\LayerModel</Filter>
    </ClInclude>
    <ClInclude Include="Square.h">
      <Filter>Header Files\ShapeModel</Filter>
    </ClInclude>
    <ClInclude Include="Circle.h">
      <Filter>Header Files\ShapeModel</Filter>
    </ClInclude>
    <ClInclude Include="Triangle.h">
      <Filter>Header Files\ShapeModel</Filter>
    </ClInclude>
    <ClInclude Include="EventListener.h">
      <Filter>Header Files\LayerModel\HelpersStructs</Filter>
    </ClInclude>
    <ClInclude Include="Ellipse.h">
      <Filter>Header Files\View</Filter>
    </ClInclude>
    <ClInclude Include="SceneView.h">
      <Filter>Header Files\View</Filter>
    </ClInclude>
    <ClInclude Include="ParentLayer.h">
      <Filter>Header Files\LayerModel</Filter>
    </ClInclude>
    <ClInclude Include="SelectFrame.h">
      <Filter>Header Files\LayerModel</Filter>
    </ClInclude>
    <ClInclude Include="Layer.h">
      <Filter>Header Files\LayerModel</Filter>
    </ClInclude>
    <ClInclude Include="DragPoint.h">
      <Filter>Header Files\LayerModel</Filter>
    </ClInclude>
    <ClInclude Include="ViewInterface.h">
      <Filter>Header Files\View</Filter>
    </ClInclude>
    <ClInclude Include="TextureCache.h">
      <Filter>Header Files</Filter>
    </ClInclude>
  </ItemGroup>
  <ItemGroup>
    <ClCompile Include="stdafx.cpp">
      <Filter>Source Files</Filter>
    </ClCompile>
    <ClCompile Include="main.cpp">
      <Filter>Source Files</Filter>
    </ClCompile>
    <ClCompile Include="Rectangle.cpp">
      <Filter>Header Files\LayerModel</Filter>
    </ClCompile>
    <ClCompile Include="ActionButton.cpp">
      <Filter>Header Files\LayerModel</Filter>
    </ClCompile>
    <ClCompile Include="Toolbar.cpp">
      <Filter>Header Files\LayerModel</Filter>
    </ClCompile>
    <ClCompile Include="AbstractShape.cpp">
      <Filter>Header Files\ShapeModel</Filter>
    </ClCompile>
    <ClCompile Include="Square.cpp">
      <Filter>Header Files\ShapeModel</Filter>
    </ClCompile>
    <ClCompile Include="Triangle.cpp">
      <Filter>Header Files\ShapeModel</Filter>
    </ClCompile>
    <ClCompile Include="Circle.cpp">
      <Filter>Header Files\ShapeModel</Filter>
    </ClCompile>
    <ClCompile Include="EventListener.cpp">
      <Filter>Header Files\LayerModel\HelpersStructs</Filter>
    </ClCompile>
    <ClCompile Include="Ellipse.cpp">
      <Filter>Header Files\View</Filter>
    </ClCompile>
    <ClCompile Include="SceneView.cpp">
      <Filter>Header Files\View</Filter>
    </ClCompile>
    <ClCompile Include="Canvas.cpp">
      <Filter>Header Files\LayerModel</Filter>
    </ClCompile>
    <ClCompile Include="ParentLayer.cpp">
      <Filter>Header Files\LayerModel</Filter>
    </ClCompile>
    <ClCompile Include="Layer.cpp">
      <Filter>Header Files\LayerModel</Filter>
    </ClCompile>
    <ClCompile Include="DragPoint.cpp">
      <Filter>Header Files\LayerModel</Filter>
    </ClCompile>
    <ClCompile Include="SelectFrame.cpp">
      <Filter>Header Files\LayerModel</Filter>
    </ClCompile>
    <ClCompile Include="TextureCache.cpp">
      <Filter>Source Files</Filter>
    </ClCompile>
  </ItemGroup>
</Project>